
Microsoft Visual Studio Solution File, Format Version 12.00
# Visual Studio Version 17
VisualStudioVersion = 17.4.33213.308
MinimumVisualStudioVersion = 10.0.40219.1
Project("{FAE04EC0-301F-11D3-BF4B-00C04F79EFBC}") = "Prototype00-MVC", "Prototype00-MVC\Prototype00-MVC.csproj", "{7CD711D9-D77B-4E49-9F78-7FE9C298C803}"
EndProject
Global
	GlobalSection(SolutionConfigurationPlatforms) = preSolution
		Debug|Any CPU = Debug|Any CPU
		Release|Any CPU = Release|Any CPU
	EndGlobalSection
	GlobalSection(ProjectConfigurationPlatforms) = postSolution
		{7CD711D9-D77B-4E49-9F78-7FE9C298C803}.Debug|Any CPU.ActiveCfg = Debug|Any CPU
		{7CD711D9-D77B-4E49-9F78-7FE9C298C803}.Debug|Any CPU.Build.0 = Debug|Any CPU
		{7CD711D9-D77B-4E49-9F78-7FE9C298C803}.Release|Any CPU.ActiveCfg = Release|Any CPU
		{7CD711D9-D77B-4E49-9F78-7FE9C298C803}.Release|Any CPU.Build.0 = Release|Any CPU
	EndGlobalSection
	GlobalSection(SolutionProperties) = preSolution
		HideSolutionNode = FALSE
	EndGlobalSection
	GlobalSection(ExtensibilityGlobals) = postSolution
		SolutionGuid = {81EE4188-23B1-464A-9FE8-4B314BA3BE2E}
	EndGlobalSection
EndGlobal
